
Microsoft Visual Studio Solution File, Format Version 12.00
Project("{FAE04EC0-301F-11D3-BF4B-00C04F79EFBC}") = "Data", "Data\Data.csproj", "{B77F8FB6-BE10-4AB7-A0E6-731ADCE3AC87}"
EndProject
Project("{FAE04EC0-301F-11D3-BF4B-00C04F79EFBC}") = "ConsoleApp", "ConsoleApp\ConsoleApp.csproj", "{A63C54BB-808C-4BD6-9D1E-B6AF283C22CF}"
EndProject
Global
	GlobalSection(SolutionConfigurationPlatforms) = preSolution
		Debug|Any CPU = Debug|Any CPU
		Release|Any CPU = Release|Any CPU
	EndGlobalSection
	GlobalSection(ProjectConfigurationPlatforms) = postSolution
		{B77F8FB6-BE10-4AB7-A0E6-731ADCE3AC87}.Debug|Any CPU.ActiveCfg = Debug|Any CPU
		{B77F8FB6-BE10-4AB7-A0E6-731ADCE3AC87}.Debug|Any CPU.Build.0 = Debug|Any CPU
		{B77F8FB6-BE10-4AB7-A0E6-731ADCE3AC87}.Release|Any CPU.ActiveCfg = Release|Any CPU
		{B77F8FB6-BE10-4AB7-A0E6-731ADCE3AC87}.Release|Any CPU.Build.0 = Release|Any CPU
		{A63C54BB-808C-4BD6-9D1E-B6AF283C22CF}.Debug|Any CPU.ActiveCfg = Debug|Any CPU
		{A63C54BB-808C-4BD6-9D1E-B6AF283C22CF}.Debug|Any CPU.Build.0 = Debug|Any CPU
		{A63C54BB-808C-4BD6-9D1E-B6AF283C22CF}.Release|Any CPU.ActiveCfg = Release|Any CPU
		{A63C54BB-808C-4BD6-9D1E-B6AF283C22CF}.Release|Any CPU.Build.0 = Release|Any CPU
	EndGlobalSection
EndGlobal
